
Microsoft Visual Studio Solution File, Format Version 12.00
# Visual Studio Version 17
VisualStudioVersion = 17.8.34316.72
MinimumVisualStudioVersion = 10.0.40219.1
Project("{FAE04EC0-301F-11D3-BF4B-00C04F79EFBC}") = "TripBudgetApp", "TripBudgetApp\TripBudgetApp.csproj", "{012BCAB7-87DE-405A-AB6F-E1EF0382D895}"
EndProject
Global
	GlobalSection(SolutionConfigurationPlatforms) = preSolution
		Debug|Any CPU = Debug|Any CPU
		Release|Any CPU = Release|Any CPU
	EndGlobalSection
	GlobalSection(ProjectConfigurationPlatforms) = postSolution
		{012BCAB7-87DE-405A-AB6F-E1EF0382D895}.Debug|Any CPU.ActiveCfg = Debug|Any CPU
		{012BCAB7-87DE-405A-AB6F-E1EF0382D895}.Debug|Any CPU.Build.0 = Debug|Any CPU
		{012BCAB7-87DE-405A-AB6F-E1EF0382D895}.Release|Any CPU.ActiveCfg = Release|Any CPU
		{012BCAB7-87DE-405A-AB6F-E1EF0382D895}.Release|Any CPU.Build.0 = Release|Any CPU
	EndGlobalSection
	GlobalSection(SolutionProperties) = preSolution
		HideSolutionNode = FALSE
	EndGlobalSection
	GlobalSection(ExtensibilityGlobals) = postSolution
		SolutionGuid = {C6E87D5F-4CCE-4DCB-BE64-C5FFCE132944}
	EndGlobalSection
EndGlobal
